
Microsoft Visual Studio Solution File, Format Version 12.00
# Visual Studio Version 17
VisualStudioVersion = 17.5.002.0
MinimumVisualStudioVersion = 10.0.40219.1
Project("{2150E333-8FDC-42A3-9474-1A3956D46DE8}") = "2024", "2024", "{3F5F29D3-08BD-4B4F-9C22-23CE71956E1E}"
EndProject
Project("{9A19103F-16F7-4668-BE54-9A1E7A4F7556}") = "1", "2024\1\1.csproj", "{7BC976E7-4C3D-4A0A-BE54-6B3FF1A15792}"
EndProject
Project("{FAE04EC0-301F-11D3-BF4B-00C04F79EFBC}") = "2", "2024\2\2.csproj", "{DD162D79-0E53-4612-B2B0-5F697FF8F3B1}"
EndProject
Project("{FAE04EC0-301F-11D3-BF4B-00C04F79EFBC}") = "3", "2024\3\3.csproj", "{4F97340F-80EE-4034-8D66-9746089CCC9A}"
EndProject
Project("{FAE04EC0-301F-11D3-BF4B-00C04F79EFBC}") = "4", "2024\4\4.csproj", "{A93BA3C1-4DDC-40D1-BC07-B51757AD72F0}"
EndProject
Project("{FAE04EC0-301F-11D3-BF4B-00C04F79EFBC}") = "5", "2024\5\5.csproj", "{A9C9E2F3-ACFE-4AA3-BFFB-9A0798F212DA}"
EndProject
Project("{FAE04EC0-301F-11D3-BF4B-00C04F79EFBC}") = "6", "2024\6\6.csproj", "{19FB19BE-F1C2-4648-AAB9-E4FD2BFE5785}"
EndProject
Project("{FAE04EC0-301F-11D3-BF4B-00C04F79EFBC}") = "7", "2024\7\7.csproj", "{0F52671A-1559-4966-9D50-0656AEAAC1FE}"
EndProject
Project("{FAE04EC0-301F-11D3-BF4B-00C04F79EFBC}") = "8", "2024\8\8.csproj", "{536EAC3B-8516-4C0F-9DFC-85E3CDCF0EA1}"
EndProject
Global
	GlobalSection(SolutionConfigurationPlatforms) = preSolution
		Debug|Any CPU = Debug|Any CPU
		Release|Any CPU = Release|Any CPU
	EndGlobalSection
	GlobalSection(ProjectConfigurationPlatforms) = postSolution
		{7BC976E7-4C3D-4A0A-BE54-6B3FF1A15792}.Debug|Any CPU.ActiveCfg = Debug|Any CPU
		{7BC976E7-4C3D-4A0A-BE54-6B3FF1A15792}.Debug|Any CPU.Build.0 = Debug|Any CPU
		{7BC976E7-4C3D-4A0A-BE54-6B3FF1A15792}.Release|Any CPU.ActiveCfg = Release|Any CPU
		{7BC976E7-4C3D-4A0A-BE54-6B3FF1A15792}.Release|Any CPU.Build.0 = Release|Any CPU
		{DD162D79-0E53-4612-B2B0-5F697FF8F3B1}.Debug|Any CPU.ActiveCfg = Debug|Any CPU
		{DD162D79-0E53-4612-B2B0-5F697FF8F3B1}.Debug|Any CPU.Build.0 = Debug|Any CPU
		{DD162D79-0E53-4612-B2B0-5F697FF8F3B1}.Release|Any CPU.ActiveCfg = Release|Any CPU
		{DD162D79-0E53-4612-B2B0-5F697FF8F3B1}.Release|Any CPU.Build.0 = Release|Any CPU
		{4F97340F-80EE-4034-8D66-9746089CCC9A}.Debug|Any CPU.ActiveCfg = Debug|Any CPU
		{4F97340F-80EE-4034-8D66-9746089CCC9A}.Debug|Any CPU.Build.0 = Debug|Any CPU
		{4F97340F-80EE-4034-8D66-9746089CCC9A}.Release|Any CPU.ActiveCfg = Release|Any CPU
		{4F97340F-80EE-4034-8D66-9746089CCC9A}.Release|Any CPU.Build.0 = Release|Any CPU
		{A93BA3C1-4DDC-40D1-BC07-B51757AD72F0}.Debug|Any CPU.ActiveCfg = Debug|Any CPU
		{A93BA3C1-4DDC-40D1-BC07-B51757AD72F0}.Debug|Any CPU.Build.0 = Debug|Any CPU
		{A93BA3C1-4DDC-40D1-BC07-B51757AD72F0}.Release|Any CPU.ActiveCfg = Release|Any CPU
		{A93BA3C1-4DDC-40D1-BC07-B51757AD72F0}.Release|Any CPU.Build.0 = Release|Any CPU
		{A9C9E2F3-ACFE-4AA3-BFFB-9A0798F212DA}.Debug|Any CPU.ActiveCfg = Debug|Any CPU
		{A9C9E2F3-ACFE-4AA3-BFFB-9A0798F212DA}.Debug|Any CPU.Build.0 = Debug|Any CPU
		{A9C9E2F3-ACFE-4AA3-BFFB-9A0798F212DA}.Release|Any CPU.ActiveCfg = Release|Any CPU
		{A9C9E2F3-ACFE-4AA3-BFFB-9A0798F212DA}.Release|Any CPU.Build.0 = Release|Any CPU
		{19FB19BE-F1C2-4648-AAB9-E4FD2BFE5785}.Debug|Any CPU.ActiveCfg = Debug|Any CPU
		{19FB19BE-F1C2-4648-AAB9-E4FD2BFE5785}.Debug|Any CPU.Build.0 = Debug|Any CPU
		{19FB19BE-F1C2-4648-AAB9-E4FD2BFE5785}.Release|Any CPU.ActiveCfg = Release|Any CPU
		{19FB19BE-F1C2-4648-AAB9-E4FD2BFE5785}.Release|Any CPU.Build.0 = Release|Any CPU
		{0F52671A-1559-4966-9D50-0656AEAAC1FE}.Debug|Any CPU.ActiveCfg = Debug|Any CPU
		{0F52671A-1559-4966-9D50-0656AEAAC1FE}.Debug|Any CPU.Build.0 = Debug|Any CPU
		{0F52671A-1559-4966-9D50-0656AEAAC1FE}.Release|Any CPU.ActiveCfg = Release|Any CPU
		{0F52671A-1559-4966-9D50-0656AEAAC1FE}.Release|Any CPU.Build.0 = Release|Any CPU
		{536EAC3B-8516-4C0F-9DFC-85E3CDCF0EA1}.Debug|Any CPU.ActiveCfg = Debug|Any CPU
		{536EAC3B-8516-4C0F-9DFC-85E3CDCF0EA1}.Debug|Any CPU.Build.0 = Debug|Any CPU
		{536EAC3B-8516-4C0F-9DFC-85E3CDCF0EA1}.Release|Any CPU.ActiveCfg = Release|Any CPU
		{536EAC3B-8516-4C0F-9DFC-85E3CDCF0EA1}.Release|Any CPU.Build.0 = Release|Any CPU
	EndGlobalSection
	GlobalSection(SolutionProperties) = preSolution
		HideSolutionNode = FALSE
	EndGlobalSection
	GlobalSection(NestedProjects) = preSolution
		{7BC976E7-4C3D-4A0A-BE54-6B3FF1A15792} = {3F5F29D3-08BD-4B4F-9C22-23CE71956E1E}
		{DD162D79-0E53-4612-B2B0-5F697FF8F3B1} = {3F5F29D3-08BD-4B4F-9C22-23CE71956E1E}
		{4F97340F-80EE-4034-8D66-9746089CCC9A} = {3F5F29D3-08BD-4B4F-9C22-23CE71956E1E}
		{A93BA3C1-4DDC-40D1-BC07-B51757AD72F0} = {3F5F29D3-08BD-4B4F-9C22-23CE71956E1E}
		{A9C9E2F3-ACFE-4AA3-BFFB-9A0798F212DA} = {3F5F29D3-08BD-4B4F-9C22-23CE71956E1E}
		{19FB19BE-F1C2-4648-AAB9-E4FD2BFE5785} = {3F5F29D3-08BD-4B4F-9C22-23CE71956E1E}
		{0F52671A-1559-4966-9D50-0656AEAAC1FE} = {3F5F29D3-08BD-4B4F-9C22-23CE71956E1E}
		{536EAC3B-8516-4C0F-9DFC-85E3CDCF0EA1} = {3F5F29D3-08BD-4B4F-9C22-23CE71956E1E}
	EndGlobalSection
	GlobalSection(ExtensibilityGlobals) = postSolution
		SolutionGuid = {26A11747-72EB-4BC2-996D-3F713F643326}
	EndGlobalSection
EndGlobal
