
Microsoft Visual Studio Solution File, Format Version 12.00
# Visual Studio Version 17
VisualStudioVersion = 17.5.002.0
MinimumVisualStudioVersion = 10.0.40219.1
Project("{2150E333-8FDC-42A3-9474-1A3956D46DE8}") = "2024", "2024", "{3F5F29D3-08BD-4B4F-9C22-23CE71956E1E}"
EndProject
Project("{9A19103F-16F7-4668-BE54-9A1E7A4F7556}") = "1", "2024\1\1.csproj", "{7BC976E7-4C3D-4A0A-BE54-6B3FF1A15792}"
EndProject
Project("{FAE04EC0-301F-11D3-BF4B-00C04F79EFBC}") = "2", "2024\2\2.csproj", "{DD162D79-0E53-4612-B2B0-5F697FF8F3B1}"
EndProject
Project("{FAE04EC0-301F-11D3-BF4B-00C04F79EFBC}") = "3", "2024\3\3.csproj", "{4F97340F-80EE-4034-8D66-9746089CCC9A}"
EndProject
Project("{FAE04EC0-301F-11D3-BF4B-00C04F79EFBC}") = "4", "2024\4\4.csproj", "{A93BA3C1-4DDC-40D1-BC07-B51757AD72F0}"
EndProject
Project("{FAE04EC0-301F-11D3-BF4B-00C04F79EFBC}") = "5", "2024\5\5.csproj", "{A9C9E2F3-ACFE-4AA3-BFFB-9A0798F212DA}"
EndProject
Project("{FAE04EC0-301F-11D3-BF4B-00C04F79EFBC}") = "6", "2024\6\6.csproj", "{19FB19BE-F1C2-4648-AAB9-E4FD2BFE5785}"
EndProject
Project("{FAE04EC0-301F-11D3-BF4B-00C04F79EFBC}") = "7", "2024\7\7.csproj", "{0F52671A-1559-4966-9D50-0656AEAAC1FE}"
EndProject
Project("{FAE04EC0-301F-11D3-BF4B-00C04F79EFBC}") = "8", "2024\8\8.csproj", "{536EAC3B-8516-4C0F-9DFC-85E3CDCF0EA1}"
EndProject
Project("{FAE04EC0-301F-11D3-BF4B-00C04F79EFBC}") = "9", "2024\9\9.csproj", "{E6D5B6D2-3DFB-456A-BB92-AABF31A7C40D}"
EndProject
Project("{FAE04EC0-301F-11D3-BF4B-00C04F79EFBC}") = "10", "2024\10\10.csproj", "{9D1FE987-8375-45D1-ADDC-29183B225D72}"
EndProject
Project("{FAE04EC0-301F-11D3-BF4B-00C04F79EFBC}") = "11", "2024\11\11.csproj", "{D1A6F48B-8AA2-4B05-9510-6A2288CE67B8}"
EndProject
Project("{FAE04EC0-301F-11D3-BF4B-00C04F79EFBC}") = "12", "2024\12\12.csproj", "{D8824F93-1647-4B3B-BCEB-315EBCB1FD8E}"
EndProject
Project("{FAE04EC0-301F-11D3-BF4B-00C04F79EFBC}") = "13", "2024\13\13.csproj", "{F73CCCBE-F4E7-4A52-B338-2A6B860ECA11}"
EndProject
Project("{FAE04EC0-301F-11D3-BF4B-00C04F79EFBC}") = "14", "2024\14\14.csproj", "{F7298669-34DF-4911-AB68-A2DB083D3A49}"
EndProject
Project("{FAE04EC0-301F-11D3-BF4B-00C04F79EFBC}") = "15", "2024\15\15.csproj", "{03D02A56-FC27-436A-ADCC-334FD1658189}"
EndProject
Project("{FAE04EC0-301F-11D3-BF4B-00C04F79EFBC}") = "16", "2024\16\16.csproj", "{FE41A4BC-BF9C-4168-9A85-B8822608A929}"
EndProject
Project("{FAE04EC0-301F-11D3-BF4B-00C04F79EFBC}") = "17", "2024\17\17.csproj", "{742E8DCC-0741-41E5-B579-960D28F7D716}"
EndProject
Project("{FAE04EC0-301F-11D3-BF4B-00C04F79EFBC}") = "18", "2024\18\18.csproj", "{67D72B26-C778-4591-B60C-D3A293964DB4}"
EndProject
Project("{FAE04EC0-301F-11D3-BF4B-00C04F79EFBC}") = "19", "2024\19\19.csproj", "{FAD5211C-BFDA-46CF-84B5-8A77563E65B3}"
EndProject
Project("{FAE04EC0-301F-11D3-BF4B-00C04F79EFBC}") = "22", "2024\22\22.csproj", "{A6A5CE71-C1D5-4446-8B30-FE1AADFED703}"
EndProject
Global
	GlobalSection(SolutionConfigurationPlatforms) = preSolution
		Debug|Any CPU = Debug|Any CPU
		Release|Any CPU = Release|Any CPU
	EndGlobalSection
	GlobalSection(ProjectConfigurationPlatforms) = postSolution
		{7BC976E7-4C3D-4A0A-BE54-6B3FF1A15792}.Debug|Any CPU.ActiveCfg = Debug|Any CPU
		{7BC976E7-4C3D-4A0A-BE54-6B3FF1A15792}.Debug|Any CPU.Build.0 = Debug|Any CPU
		{7BC976E7-4C3D-4A0A-BE54-6B3FF1A15792}.Release|Any CPU.ActiveCfg = Release|Any CPU
		{7BC976E7-4C3D-4A0A-BE54-6B3FF1A15792}.Release|Any CPU.Build.0 = Release|Any CPU
		{DD162D79-0E53-4612-B2B0-5F697FF8F3B1}.Debug|Any CPU.ActiveCfg = Debug|Any CPU
		{DD162D79-0E53-4612-B2B0-5F697FF8F3B1}.Debug|Any CPU.Build.0 = Debug|Any CPU
		{DD162D79-0E53-4612-B2B0-5F697FF8F3B1}.Release|Any CPU.ActiveCfg = Release|Any CPU
		{DD162D79-0E53-4612-B2B0-5F697FF8F3B1}.Release|Any CPU.Build.0 = Release|Any CPU
		{4F97340F-80EE-4034-8D66-9746089CCC9A}.Debug|Any CPU.ActiveCfg = Debug|Any CPU
		{4F97340F-80EE-4034-8D66-9746089CCC9A}.Debug|Any CPU.Build.0 = Debug|Any CPU
		{4F97340F-80EE-4034-8D66-9746089CCC9A}.Release|Any CPU.ActiveCfg = Release|Any CPU
		{4F97340F-80EE-4034-8D66-9746089CCC9A}.Release|Any CPU.Build.0 = Release|Any CPU
		{A93BA3C1-4DDC-40D1-BC07-B51757AD72F0}.Debug|Any CPU.ActiveCfg = Debug|Any CPU
		{A93BA3C1-4DDC-40D1-BC07-B51757AD72F0}.Debug|Any CPU.Build.0 = Debug|Any CPU
		{A93BA3C1-4DDC-40D1-BC07-B51757AD72F0}.Release|Any CPU.ActiveCfg = Release|Any CPU
		{A93BA3C1-4DDC-40D1-BC07-B51757AD72F0}.Release|Any CPU.Build.0 = Release|Any CPU
		{A9C9E2F3-ACFE-4AA3-BFFB-9A0798F212DA}.Debug|Any CPU.ActiveCfg = Debug|Any CPU
		{A9C9E2F3-ACFE-4AA3-BFFB-9A0798F212DA}.Debug|Any CPU.Build.0 = Debug|Any CPU
		{A9C9E2F3-ACFE-4AA3-BFFB-9A0798F212DA}.Release|Any CPU.ActiveCfg = Release|Any CPU
		{A9C9E2F3-ACFE-4AA3-BFFB-9A0798F212DA}.Release|Any CPU.Build.0 = Release|Any CPU
		{19FB19BE-F1C2-4648-AAB9-E4FD2BFE5785}.Debug|Any CPU.ActiveCfg = Debug|Any CPU
		{19FB19BE-F1C2-4648-AAB9-E4FD2BFE5785}.Debug|Any CPU.Build.0 = Debug|Any CPU
		{19FB19BE-F1C2-4648-AAB9-E4FD2BFE5785}.Release|Any CPU.ActiveCfg = Release|Any CPU
		{19FB19BE-F1C2-4648-AAB9-E4FD2BFE5785}.Release|Any CPU.Build.0 = Release|Any CPU
		{0F52671A-1559-4966-9D50-0656AEAAC1FE}.Debug|Any CPU.ActiveCfg = Debug|Any CPU
		{0F52671A-1559-4966-9D50-0656AEAAC1FE}.Debug|Any CPU.Build.0 = Debug|Any CPU
		{0F52671A-1559-4966-9D50-0656AEAAC1FE}.Release|Any CPU.ActiveCfg = Release|Any CPU
		{0F52671A-1559-4966-9D50-0656AEAAC1FE}.Release|Any CPU.Build.0 = Release|Any CPU
		{536EAC3B-8516-4C0F-9DFC-85E3CDCF0EA1}.Debug|Any CPU.ActiveCfg = Debug|Any CPU
		{536EAC3B-8516-4C0F-9DFC-85E3CDCF0EA1}.Debug|Any CPU.Build.0 = Debug|Any CPU
		{536EAC3B-8516-4C0F-9DFC-85E3CDCF0EA1}.Release|Any CPU.ActiveCfg = Release|Any CPU
		{536EAC3B-8516-4C0F-9DFC-85E3CDCF0EA1}.Release|Any CPU.Build.0 = Release|Any CPU
		{E6D5B6D2-3DFB-456A-BB92-AABF31A7C40D}.Debug|Any CPU.ActiveCfg = Debug|Any CPU
		{E6D5B6D2-3DFB-456A-BB92-AABF31A7C40D}.Debug|Any CPU.Build.0 = Debug|Any CPU
		{E6D5B6D2-3DFB-456A-BB92-AABF31A7C40D}.Release|Any CPU.ActiveCfg = Release|Any CPU
		{E6D5B6D2-3DFB-456A-BB92-AABF31A7C40D}.Release|Any CPU.Build.0 = Release|Any CPU
		{9D1FE987-8375-45D1-ADDC-29183B225D72}.Debug|Any CPU.ActiveCfg = Debug|Any CPU
		{9D1FE987-8375-45D1-ADDC-29183B225D72}.Debug|Any CPU.Build.0 = Debug|Any CPU
		{9D1FE987-8375-45D1-ADDC-29183B225D72}.Release|Any CPU.ActiveCfg = Release|Any CPU
		{9D1FE987-8375-45D1-ADDC-29183B225D72}.Release|Any CPU.Build.0 = Release|Any CPU
		{D1A6F48B-8AA2-4B05-9510-6A2288CE67B8}.Debug|Any CPU.ActiveCfg = Debug|Any CPU
		{D1A6F48B-8AA2-4B05-9510-6A2288CE67B8}.Debug|Any CPU.Build.0 = Debug|Any CPU
		{D1A6F48B-8AA2-4B05-9510-6A2288CE67B8}.Release|Any CPU.ActiveCfg = Release|Any CPU
		{D1A6F48B-8AA2-4B05-9510-6A2288CE67B8}.Release|Any CPU.Build.0 = Release|Any CPU
		{D8824F93-1647-4B3B-BCEB-315EBCB1FD8E}.Debug|Any CPU.ActiveCfg = Debug|Any CPU
		{D8824F93-1647-4B3B-BCEB-315EBCB1FD8E}.Debug|Any CPU.Build.0 = Debug|Any CPU
		{D8824F93-1647-4B3B-BCEB-315EBCB1FD8E}.Release|Any CPU.ActiveCfg = Release|Any CPU
		{D8824F93-1647-4B3B-BCEB-315EBCB1FD8E}.Release|Any CPU.Build.0 = Release|Any CPU
		{F73CCCBE-F4E7-4A52-B338-2A6B860ECA11}.Debug|Any CPU.ActiveCfg = Debug|Any CPU
		{F73CCCBE-F4E7-4A52-B338-2A6B860ECA11}.Debug|Any CPU.Build.0 = Debug|Any CPU
		{F73CCCBE-F4E7-4A52-B338-2A6B860ECA11}.Release|Any CPU.ActiveCfg = Release|Any CPU
		{F73CCCBE-F4E7-4A52-B338-2A6B860ECA11}.Release|Any CPU.Build.0 = Release|Any CPU
		{F7298669-34DF-4911-AB68-A2DB083D3A49}.Debug|Any CPU.ActiveCfg = Debug|Any CPU
		{F7298669-34DF-4911-AB68-A2DB083D3A49}.Debug|Any CPU.Build.0 = Debug|Any CPU
		{F7298669-34DF-4911-AB68-A2DB083D3A49}.Release|Any CPU.ActiveCfg = Release|Any CPU
		{F7298669-34DF-4911-AB68-A2DB083D3A49}.Release|Any CPU.Build.0 = Release|Any CPU
		{03D02A56-FC27-436A-ADCC-334FD1658189}.Debug|Any CPU.ActiveCfg = Debug|Any CPU
		{03D02A56-FC27-436A-ADCC-334FD1658189}.Debug|Any CPU.Build.0 = Debug|Any CPU
		{03D02A56-FC27-436A-ADCC-334FD1658189}.Release|Any CPU.ActiveCfg = Release|Any CPU
		{03D02A56-FC27-436A-ADCC-334FD1658189}.Release|Any CPU.Build.0 = Release|Any CPU
		{FE41A4BC-BF9C-4168-9A85-B8822608A929}.Debug|Any CPU.ActiveCfg = Debug|Any CPU
		{FE41A4BC-BF9C-4168-9A85-B8822608A929}.Debug|Any CPU.Build.0 = Debug|Any CPU
		{FE41A4BC-BF9C-4168-9A85-B8822608A929}.Release|Any CPU.ActiveCfg = Release|Any CPU
		{FE41A4BC-BF9C-4168-9A85-B8822608A929}.Release|Any CPU.Build.0 = Release|Any CPU
		{742E8DCC-0741-41E5-B579-960D28F7D716}.Debug|Any CPU.ActiveCfg = Debug|Any CPU
		{742E8DCC-0741-41E5-B579-960D28F7D716}.Debug|Any CPU.Build.0 = Debug|Any CPU
		{742E8DCC-0741-41E5-B579-960D28F7D716}.Release|Any CPU.ActiveCfg = Release|Any CPU
		{742E8DCC-0741-41E5-B579-960D28F7D716}.Release|Any CPU.Build.0 = Release|Any CPU
		{67D72B26-C778-4591-B60C-D3A293964DB4}.Debug|Any CPU.ActiveCfg = Debug|Any CPU
		{67D72B26-C778-4591-B60C-D3A293964DB4}.Debug|Any CPU.Build.0 = Debug|Any CPU
		{67D72B26-C778-4591-B60C-D3A293964DB4}.Release|Any CPU.ActiveCfg = Release|Any CPU
		{67D72B26-C778-4591-B60C-D3A293964DB4}.Release|Any CPU.Build.0 = Release|Any CPU
		{FAD5211C-BFDA-46CF-84B5-8A77563E65B3}.Debug|Any CPU.ActiveCfg = Debug|Any CPU
		{FAD5211C-BFDA-46CF-84B5-8A77563E65B3}.Debug|Any CPU.Build.0 = Debug|Any CPU
		{FAD5211C-BFDA-46CF-84B5-8A77563E65B3}.Release|Any CPU.ActiveCfg = Release|Any CPU
		{FAD5211C-BFDA-46CF-84B5-8A77563E65B3}.Release|Any CPU.Build.0 = Release|Any CPU
		{A6A5CE71-C1D5-4446-8B30-FE1AADFED703}.Debug|Any CPU.ActiveCfg = Debug|Any CPU
		{A6A5CE71-C1D5-4446-8B30-FE1AADFED703}.Debug|Any CPU.Build.0 = Debug|Any CPU
		{A6A5CE71-C1D5-4446-8B30-FE1AADFED703}.Release|Any CPU.ActiveCfg = Release|Any CPU
		{A6A5CE71-C1D5-4446-8B30-FE1AADFED703}.Release|Any CPU.Build.0 = Release|Any CPU
	EndGlobalSection
	GlobalSection(SolutionProperties) = preSolution
		HideSolutionNode = FALSE
	EndGlobalSection
	GlobalSection(NestedProjects) = preSolution
		{7BC976E7-4C3D-4A0A-BE54-6B3FF1A15792} = {3F5F29D3-08BD-4B4F-9C22-23CE71956E1E}
		{DD162D79-0E53-4612-B2B0-5F697FF8F3B1} = {3F5F29D3-08BD-4B4F-9C22-23CE71956E1E}
		{4F97340F-80EE-4034-8D66-9746089CCC9A} = {3F5F29D3-08BD-4B4F-9C22-23CE71956E1E}
		{A93BA3C1-4DDC-40D1-BC07-B51757AD72F0} = {3F5F29D3-08BD-4B4F-9C22-23CE71956E1E}
		{A9C9E2F3-ACFE-4AA3-BFFB-9A0798F212DA} = {3F5F29D3-08BD-4B4F-9C22-23CE71956E1E}
		{19FB19BE-F1C2-4648-AAB9-E4FD2BFE5785} = {3F5F29D3-08BD-4B4F-9C22-23CE71956E1E}
		{0F52671A-1559-4966-9D50-0656AEAAC1FE} = {3F5F29D3-08BD-4B4F-9C22-23CE71956E1E}
		{536EAC3B-8516-4C0F-9DFC-85E3CDCF0EA1} = {3F5F29D3-08BD-4B4F-9C22-23CE71956E1E}
		{E6D5B6D2-3DFB-456A-BB92-AABF31A7C40D} = {3F5F29D3-08BD-4B4F-9C22-23CE71956E1E}
		{9D1FE987-8375-45D1-ADDC-29183B225D72} = {3F5F29D3-08BD-4B4F-9C22-23CE71956E1E}
		{D1A6F48B-8AA2-4B05-9510-6A2288CE67B8} = {3F5F29D3-08BD-4B4F-9C22-23CE71956E1E}
		{D8824F93-1647-4B3B-BCEB-315EBCB1FD8E} = {3F5F29D3-08BD-4B4F-9C22-23CE71956E1E}
		{F73CCCBE-F4E7-4A52-B338-2A6B860ECA11} = {3F5F29D3-08BD-4B4F-9C22-23CE71956E1E}
		{F7298669-34DF-4911-AB68-A2DB083D3A49} = {3F5F29D3-08BD-4B4F-9C22-23CE71956E1E}
		{03D02A56-FC27-436A-ADCC-334FD1658189} = {3F5F29D3-08BD-4B4F-9C22-23CE71956E1E}
		{FE41A4BC-BF9C-4168-9A85-B8822608A929} = {3F5F29D3-08BD-4B4F-9C22-23CE71956E1E}
		{742E8DCC-0741-41E5-B579-960D28F7D716} = {3F5F29D3-08BD-4B4F-9C22-23CE71956E1E}
		{67D72B26-C778-4591-B60C-D3A293964DB4} = {3F5F29D3-08BD-4B4F-9C22-23CE71956E1E}
		{FAD5211C-BFDA-46CF-84B5-8A77563E65B3} = {3F5F29D3-08BD-4B4F-9C22-23CE71956E1E}
		{A6A5CE71-C1D5-4446-8B30-FE1AADFED703} = {3F5F29D3-08BD-4B4F-9C22-23CE71956E1E}
	EndGlobalSection
	GlobalSection(ExtensibilityGlobals) = postSolution
		SolutionGuid = {26A11747-72EB-4BC2-996D-3F713F643326}
	EndGlobalSection
EndGlobal
